
Microsoft Visual Studio Solution File, Format Version 12.00
# Visual Studio 15
VisualStudioVersion = 15.0.27703.2035
MinimumVisualStudioVersion = 10.0.40219.1
Project("{FAE04EC0-301F-11D3-BF4B-00C04F79EFBC}") = "MidiGameMapper", "MidiGameMapper\MidiGameMapper.csproj", "{40E2EBDC-C980-4EEE-8B62-177FC5EC055F}"
EndProject
Project("{FAE04EC0-301F-11D3-BF4B-00C04F79EFBC}") = "MidiGameMapper.Test", "MidiGameMapper.Test\MidiGameMapper.Test.csproj", "{F5BAFC0A-F309-4E6F-9F79-3DC756684C80}"
EndProject
Global
	GlobalSection(SolutionConfigurationPlatforms) = preSolution
		Debug|Any CPU = Debug|Any CPU
		Release|Any CPU = Release|Any CPU
	EndGlobalSection
	GlobalSection(ProjectConfigurationPlatforms) = postSolution
		{40E2EBDC-C980-4EEE-8B62-177FC5EC055F}.Debug|Any CPU.ActiveCfg = Debug|Any CPU
		{40E2EBDC-C980-4EEE-8B62-177FC5EC055F}.Debug|Any CPU.Build.0 = Debug|Any CPU
		{40E2EBDC-C980-4EEE-8B62-177FC5EC055F}.Release|Any CPU.ActiveCfg = Release|Any CPU
		{40E2EBDC-C980-4EEE-8B62-177FC5EC055F}.Release|Any CPU.Build.0 = Release|Any CPU
		{F5BAFC0A-F309-4E6F-9F79-3DC756684C80}.Debug|Any CPU.ActiveCfg = Debug|Any CPU
		{F5BAFC0A-F309-4E6F-9F79-3DC756684C80}.Debug|Any CPU.Build.0 = Debug|Any CPU
		{F5BAFC0A-F309-4E6F-9F79-3DC756684C80}.Release|Any CPU.ActiveCfg = Release|Any CPU
		{F5BAFC0A-F309-4E6F-9F79-3DC756684C80}.Release|Any CPU.Build.0 = Release|Any CPU
	EndGlobalSection
	GlobalSection(SolutionProperties) = preSolution
		HideSolutionNode = FALSE
	EndGlobalSection
	GlobalSection(ExtensibilityGlobals) = postSolution
		SolutionGuid = {2664A9E1-91B2-4CB2-9645-6CC4CEE26E51}
	EndGlobalSection
EndGlobal
